github.com/AletheiaWareLLC/aliasgo v0.0.0-20200510175736-d8991cae92a9/go.mod h1:xLGwhHCkzMebaxR2lJHyT97Osla0ls0AEdkLZP2vgHo=
github.com/AletheiaWareLLC/aliasgo v0.0.0-20200510180614-c8583f09cd4d h1:bNTbZ4WW39jntC1PRNUuMSzNSbZ+b3vh2NqDh0GIOXA=
github.com/AletheiaWareLLC/aliasgo v0.0.0-20200510180614-c8583f09cd4d/go.mod h1:Ruk4wvz4IbB70LfLg8VO+CDtXEN4Gf/jqAyankJGGZk=
github.com/AletheiaWareLLC/aliasservergo v0.0.0-20200510180527-3a2aabcb482c h1:VN2X3S8OMckosVJSRh3+kN3388Avp4z9pnhg4JlllZo=
github.com/AletheiaWareLLC/aliasservergo v0.0.0-20200510180527-3a2aabcb482c/go.mod h1:LRbKdrXVKxqK6W4Ssdc3N/g11hOFFxLLtjmJRxQ+4SA=
github.com/AletheiaWareLLC/bcgo v0.0.0-20200510175557-3a06cf93213b h1:RKF1dfKjsH1IQk4oY2iayFbbH/JJwaN5tBZHeZGZ+ks=
github.com/AletheiaWareLLC/bcgo v0.0.0-20200510175557-3a06cf93213b/go.mod h1:falCiDlwEUzPvrhiPrr+lrDcLCx4XRu5YNyj4m6a0aY=
github.com/AletheiaWareLLC/bcnetgo v0.0.0-20200510181555-084e7a44b535 h1:Pm4pki0vY4fRhEAXEbhaVicBPyBTIFXxEKTmXnOvvPk=
github.com/AletheiaWareLLC/bcnetgo v0.0.0-20200510181555-084e7a44b535/go.mod h1:C97Y7LyfV40ZTMUkM55LVp7eEm1Gk/1sppP+nXx8snI=
github.com/AletheiaWareLLC/conveygo v0.0.0-20200510182638-9dd1efe7041c h1:gYNYNmRw/MlMlXrPMKQCSe4HLiGFmJBIBR4ZHeubkqk=
github.com/AletheiaWareLLC/conveygo v0.0.0-20200510182638-9dd1efe7041c/go.mod h1:AU8WHW+CzAbqbZBiGK/lGoDb1j2VGDNe6lNTpo/Jlvk=
github.com/AletheiaWareLLC/conveygo v0.0.0-20200510182836-f50db29bffda h1:m6UhsuAtUOh63DFlffUNEfazLohRnfBK6YoxBYty3co=
github.com/AletheiaWareLLC/conveygo v0.0.0-20200510182836-f50db29bffda/go.mod h1:AU8WHW+CzAbqbZBiGK/lGoDb1j2VGDNe6lNTpo/Jlvk=
github.com/AletheiaWareLLC/cryptogo v0.0.0-20200510174953-0e615f98810e h1:0rrpJsox1EEZCBSTbip4j2Kh1nN0Kpfteqxd8kgrNJQ=
github.com/AletheiaWareLLC/cryptogo v0.0.0-20200510174953-0e615f98810e/go.mod h1:5xGQjA12qwjNFD8AvA5Ml7AaxeZaRJayrAoWCOcn2pw=
github.com/AletheiaWareLLC/financego v0.0.0-20200510181222-6dba1296372b h1:kZFc0SVrDrWokU/tRCFiFgfreQNZxKxnA/0xECPCdtk=
github.com/AletheiaWareLLC/financego v0.0.0-20200510181222-6dba1296372b/go.mod h1:Z/751EVHK2twDlP7vVgjQ5e6ZWrlL6KWFUGdmmB7SVE=
github.com/AletheiaWareLLC/netgo v0.0.0-20200124203446-15d0bc3f1169 h1:0pR41aG/hOZz3DQELi0sq7sqhljN55ISfD4wTMiOL94=
github.com/AletheiaWareLLC/netgo v0.0.0-20200124203446-15d0bc3f1169/go.mod h1:tj59M7vFWG9ggGad/SVmmVmT4dq+xQgqojwuJJ15yEo=
github.com/AletheiaWareLLC/pdfgo v0.0.0-20200510182255-ce467e1565dc/go.mod h1:q+tLdYr/PKNUk2KNzw5Rv8Ac78Mdv09JwsZLP8j7eYg=
github.com/AletheiaWareLLC/testinggo v0.0.0-20200510171654-41852dce2bed h1:j78c50NXQThI3UYbfm+qIDMhozmnIEP3DfY6RXzve4o=
github.com/AletheiaWareLLC/testinggo v0.0.0-20200510171654-41852dce2bed/go.mod h1:nJyxTFDrRgtL47ATZeeJnp9CkHpKK70xFIkRrAQovKE=
github.com/davecgh/go-spew v1.1.0/go.mod h1:J7Y8YcW2NihsgmVo/mv3lAwl/skON4iLHjSsI+c5H38=
github.com/golang/freetype v0.0.0-20170609003504-e2365dfdc4a0/go.mod h1:E/TSTwGwJL78qG/PmXZO1EjYhfJinVAhrmmHX6Z8B9k=
github.com/golang/protobuf v1.4.0-rc.1/go.mod h1:ceaxUfeHdC40wWswd/P6IGgMaK3YpKi5j83Wpe3EHw8=
github.com/golang/protobuf v1.4.0-rc.1.0.20200221234624-67d41d38c208/go.mod h1:xKAWHe0F5eneWXFV3EuXVDTCmh+JuBKY0li0aMyXATA=
github.com/golang/protobuf v1.4.0-rc.2/go.mod h1:LlEzMj4AhA7rCAGe4KMBDvJI+AwstrUpVNzEA03Pprs=
github.com/golang/protobuf v1.4.0-rc.4.0.20200313231945-b860323f09d0/go.mod h1:WU3c8KckQ9AFe+yFwt9sWVRKCVIyN9cPHBJSNnbL67w=
github.com/golang/protobuf v1.4.0/go.mod h1:jodUvKwWbYaEsadDk5Fwe5c77LiNKVO9IDvqG2KuDX0=
github.com/golang/protobuf v1.4.1 h1:ZFgWrT+bLgsYPirOnRfKLYJLvssAegOj/hgyMFdJZe0=
github.com/golang/protobuf v1.4.1/go.mod h1:U8fpvMrcmy5pZrNK1lt4xCsGvpyWQ/VVv6QDs8UjoX8=
github.com/google/go-cmp v0.3.0/go.mod h1:8QqcDgzrUqlUb/G2PQTWiueGozuR1884gddMywk6iLU=
github.com/google/go-cmp v0.3.1/go.mod h1:8QqcDgzrUqlUb/G2PQTWiueGozuR1884gddMywk6iLU=
github.com/google/go-cmp v0.4.0/go.mod h1:v8dTdLbMG2kIc/vJvl+f65V22dbkXbowE6jgT/gNBxE=
github.com/pmezard/go-difflib v1.0.0/go.mod h1:iKH77koFhYxTK1pcRnkKkqfTogsbg7gZNVY4sRDYZ/4=
github.com/stretchr/objx v0.1.0/go.mod h1:HFkY916IF+rwdDfMAkV7OtwuqBVzrE8GR6GFx+wExME=
github.com/stretchr/testify v1.5.1/go.mod h1:5W2xD1RspED5o8YsWQXVCued0rvSQ+mT+I5cxcmMvtA=
github.com/stripe/stripe-go v1.0.3 h1:RHgK2FUKawVNBPJ15pNM4IWkEVVCg5Ju3xK5QZNhTwY=
github.com/stripe/stripe-go v70.15.0+incompatible h1:hNML7M1zx8RgtepEMlxyu/FpVPrP7KZm1gPFQquJQvM=
github.com/stripe/stripe-go v70.15.0+incompatible/go.mod h1:A1dQZmO/QypXmsL0T8axYZkSN/uA/T/A64pfKdBAMiY=
golang.org/x/crypto v0.0.0-20190308221718-c2843e01d9a2/go.mod h1:djNgcEr1/C05ACkg1iLfiJU5Ep61QUkGW8qpdssI0+w=
golang.org/x/crypto v0.0.0-20200429183012-4b2356b1ed79 h1:IaQbIIB2X/Mp/DKctl6ROxz1KyMlKp4uyvL6+kQ7C88=
golang.org/x/crypto v0.0.0-20200429183012-4b2356b1ed79/go.mod h1:LzIPMQfyMNhhGPhUkYOs5KpL4U8rLKemX1yGLhDgUto=
golang.org/x/image v0.0.0-20200430140353-33d19683fad8/go.mod h1:FeLwcggjj3mMvU+oOTbSwawSJRM1uh48EjtB4UJZlP0=
golang.org/x/net v0.0.0-20190404232315-eb5bcb51f2a3/go.mod h1:t9HGtf8HONx5eT2rtn7q6eTqICYqUVnKs3thJo3Qplg=
golang.org/x/sys v0.0.0-20190215142949-d0b11bdaac8a/go.mod h1:STP8DvDyc/dI5b8T5hshtkjS+E42TnysNCUPdjciGhY=
golang.org/x/sys v0.0.0-20190412213103-97732733099d/go.mod h1:h1NjWce9XRLGQEsW7wpKNCjG9DtNlClVuFLEZdDNbEs=
golang.org/x/sys v0.0.0-20200509044756-6aff5f38e54f h1:mOhmO9WsBaJCNmaZHPtHs9wOcdqdKCjF6OPJlmDM3KI=
golang.org/x/sys v0.0.0-20200509044756-6aff5f38e54f/go.mod h1:h1NjWce9XRLGQEsW7wpKNCjG9DtNlClVuFLEZdDNbEs=
golang.org/x/text v0.3.0/go.mod h1:NqM8EUOU14njkJ3fqMW+pc6Ldnwhi/IjpwHt7yyuwOQ=
golang.org/x/xerrors v0.0.0-20191204190536-9bdfabe68543/go.mod h1:I/5z698sn9Ka8TeJc9MKroUUfqBBauWjQqLJ2OPfmY0=
google.golang.org/protobuf v0.0.0-20200109180630-ec00e32a8dfd/go.mod h1:DFci5gLYBciE7Vtevhsrf46CRTquxDuWsQurQQe4oz8=
google.golang.org/protobuf v0.0.0-20200221191635-4d8936d0db64/go.mod h1:kwYJMbMJ01Woi6D6+Kah6886xMZcty6N08ah7+eCXa0=
google.golang.org/protobuf v0.0.0-20200228230310-ab0ca4ff8a60/go.mod h1:cfTl7dwQJ+fmap5saPgwCLgHXTUD7jkjRqWcaiX5VyM=
google.golang.org/protobuf v1.20.1-0.20200309200217-e05f789c0967/go.mod h1:A+miEFZTKqfCUM6K7xSMQL9OKL/b6hQv+e19PK+JZNE=
google.golang.org/protobuf v1.21.0/go.mod h1:47Nbq4nVaFHyn7ilMalzfO3qCViNmqZ2kzikPIcrTAo=
google.golang.org/protobuf v1.22.0 h1:cJv5/xdbk1NnMPR1VP9+HU6gupuG9MLBoH1r6RHZ2MY=
google.golang.org/protobuf v1.22.0/go.mod h1:EGpADcykh3NcUnDUJcl1+ZksZNG86OlYog2l/sGQquU=
gopkg.in/check.v1 v0.0.0-20161208181325-20d25e280405/go.mod h1:Co6ibVJAznAaIkqp8huTwlJQCZ016jof/cbN4VW5Yz0=
gopkg.in/yaml.v2 v2.2.2/go.mod h1:hI93XBmqTisBFMUTm0b8Fm+jr3Dg1NNxqwp+5A1VGuI=
